
Microsoft Visual Studio Solution File, Format Version 12.00
# Visual Studio Version 16
VisualStudioVersion = 16.0.31019.35
MinimumVisualStudioVersion = 10.0.40219.1
Project("{FAE04EC0-301F-11D3-BF4B-00C04F79EFBC}") = "MoodAnalyzer", "MoodAnalyzer\MoodAnalyzer.csproj", "{E4E24B6E-BA26-46F8-ACBF-B4D83D3EC180}"
EndProject
Project("{FAE04EC0-301F-11D3-BF4B-00C04F79EFBC}") = "MoodAnalyserMSTest", "MoodAnalyserMSTest\MoodAnalyserMSTest.csproj", "{13641183-41EF-44E0-BA02-296899E35726}"
EndProject
Global
	GlobalSection(SolutionConfigurationPlatforms) = preSolution
		Debug|Any CPU = Debug|Any CPU
		Release|Any CPU = Release|Any CPU
	EndGlobalSection
	GlobalSection(ProjectConfigurationPlatforms) = postSolution
		{E4E24B6E-BA26-46F8-ACBF-B4D83D3EC180}.Debug|Any CPU.ActiveCfg = Debug|Any CPU
		{E4E24B6E-BA26-46F8-ACBF-B4D83D3EC180}.Debug|Any CPU.Build.0 = Debug|Any CPU
		{E4E24B6E-BA26-46F8-ACBF-B4D83D3EC180}.Release|Any CPU.ActiveCfg = Release|Any CPU
		{E4E24B6E-BA26-46F8-ACBF-B4D83D3EC180}.Release|Any CPU.Build.0 = Release|Any CPU
		{13641183-41EF-44E0-BA02-296899E35726}.Debug|Any CPU.ActiveCfg = Debug|Any CPU
		{13641183-41EF-44E0-BA02-296899E35726}.Debug|Any CPU.Build.0 = Debug|Any CPU
		{13641183-41EF-44E0-BA02-296899E35726}.Release|Any CPU.ActiveCfg = Release|Any CPU
		{13641183-41EF-44E0-BA02-296899E35726}.Release|Any CPU.Build.0 = Release|Any CPU
	EndGlobalSection
	GlobalSection(SolutionProperties) = preSolution
		HideSolutionNode = FALSE
	EndGlobalSection
	GlobalSection(ExtensibilityGlobals) = postSolution
		SolutionGuid = {C6781451-22D1-4B16-8B9B-7CAAA0226D62}
	EndGlobalSection
EndGlobal
